{
  "version": 4,
  "terraform_version": "0.13.2",
  "serial": 44,
  "lineage": "9c76e8d5-f9fd-6fc7-6376-b9851068f03c",
  "outputs": {},
  "resources": [
    {
      "mode": "managed",
      "type": "aws_ebs_volume",
      "name": "demo-ebs",
      "provider": "provider[\"registry.terraform.io/hashicorp/aws\"]",
      "instances": [
        {
          "schema_version": 0,
          "attributes": {
            "arn": "arn:aws:ec2:ap-south-1:507075099130:volume/vol-05a31d6f2fbb6ea08",
            "availability_zone": "ap-south-1a",
            "encrypted": false,
            "id": "vol-05a31d6f2fbb6ea08",
            "iops": 300,
            "kms_key_id": "",
            "multi_attach_enabled": false,
            "outpost_arn": "",
            "size": 100,
            "snapshot_id": "",
            "tags": {
              "Name": "demo-webserver-storage-prod"
            },
            "type": "gp2"
          },
          "private": "bnVsbA=="
        }
      ]
    },
    {
      "mode": "managed",
      "type": "aws_iam_instance_profile",
      "name": "demo-ec2-iam-instance-profile",
      "provider": "provider[\"registry.terraform.io/hashicorp/aws\"]",
      "instances": [
        {
          "schema_version": 0,
          "attributes": {
            "arn": "arn:aws:iam::507075099130:instance-profile/demo-ec2-iam-instance-profile-prod",
            "create_date": "2020-09-09T09:33:11Z",
            "id": "demo-ec2-iam-instance-profile-prod",
            "name": "demo-ec2-iam-instance-profile-prod",
            "name_prefix": null,
            "path": "/",
            "role": "demo-ec2-role-prod",
            "roles": [
              "demo-ec2-role-prod"
            ],
            "unique_id": "AIPAXMEAH7H5FPWR4XOHK"
          },
          "private": "bnVsbA==",
          "dependencies": [
            "aws_iam_role.demo-ec2-iam-role"
          ]
        }
      ]
    },
    {
      "mode": "managed",
      "type": "aws_iam_role",
      "name": "demo-ec2-iam-role",
      "provider": "provider[\"registry.terraform.io/hashicorp/aws\"]",
      "instances": [
        {
          "schema_version": 0,
          "attributes": {
            "arn": "arn:aws:iam::507075099130:role/demo-ec2-role-prod",
            "assume_role_policy": "{\"Version\":\"2012-10-17\",\"Statement\":[{\"Sid\":\"\",\"Effect\":\"Allow\",\"Principal\":{\"Service\":\"ec2.amazonaws.com\"},\"Action\":\"sts:AssumeRole\"}]}",
            "create_date": "2020-09-09T09:33:09Z",
            "description": "",
            "force_detach_policies": false,
            "id": "demo-ec2-role-prod",
            "max_session_duration": 3600,
            "name": "demo-ec2-role-prod",
            "name_prefix": null,
            "path": "/",
            "permissions_boundary": null,
            "tags": {
              "tag-key": "demo-ec2-role-prod"
            },
            "unique_id": "AROAXMEAH7H5DXJT2NMSK"
          },
          "private": "bnVsbA=="
        }
      ]
    },
    {
      "mode": "managed",
      "type": "aws_instance",
      "name": "demo-ec2",
      "provider": "provider[\"registry.terraform.io/hashicorp/aws\"]",
      "instances": [
        {
          "schema_version": 1,
          "attributes": {
            "ami": "ami-0e9182bc6494264a4",
            "arn": "arn:aws:ec2:ap-south-1:507075099130:instance/i-060834e72232a020b",
            "associate_public_ip_address": true,
            "availability_zone": "ap-south-1a",
            "cpu_core_count": 2,
            "cpu_threads_per_core": 1,
            "credit_specification": [
              {
                "cpu_credits": "standard"
              }
            ],
            "disable_api_termination": false,
            "ebs_block_device": [
              {
                "delete_on_termination": false,
                "device_name": "/dev/sdh",
                "encrypted": false,
                "iops": 300,
                "kms_key_id": "",
                "snapshot_id": "",
                "volume_id": "vol-05a31d6f2fbb6ea08",
                "volume_size": 100,
                "volume_type": "gp2"
              }
            ],
            "ebs_optimized": false,
            "ephemeral_block_device": [],
            "get_password_data": false,
            "hibernation": false,
            "host_id": null,
            "iam_instance_profile": "demo-ec2-iam-instance-profile-prod",
            "id": "i-060834e72232a020b",
            "instance_initiated_shutdown_behavior": null,
            "instance_state": "running",
            "instance_type": "t2.medium",
            "ipv6_address_count": 0,
            "ipv6_addresses": [],
            "key_name": "MyEC2Key",
            "metadata_options": [
              {
                "http_endpoint": "enabled",
                "http_put_response_hop_limit": 1,
                "http_tokens": "optional"
              }
            ],
            "monitoring": false,
            "network_interface": [],
            "network_interface_id": null,
            "outpost_arn": "",
            "password_data": "",
            "placement_group": "",
            "primary_network_interface_id": "eni-03540b12885b41729",
            "private_dns": "ip-10-0-1-192.ap-south-1.compute.internal",
            "private_ip": "10.0.1.192",
            "public_dns": "ec2-15-206-129-134.ap-south-1.compute.amazonaws.com",
            "public_ip": "15.206.129.134",
            "root_block_device": [
              {
                "delete_on_termination": true,
                "device_name": "/dev/sda1",
                "encrypted": false,
                "iops": 100,
                "kms_key_id": "",
                "volume_id": "vol-0fba1994fabdd58dc",
                "volume_size": 8,
                "volume_type": "gp2"
              }
            ],
            "security_groups": [],
            "source_dest_check": true,
            "subnet_id": "subnet-06b5d76200f1c2dba",
            "tags": {
              "Name": "demo-ec2-prod"
            },
            "tenancy": "default",
            "timeouts": null,
            "user_data": "2d3b8def056867b2a6e91948572eab7cd0a6e047",
            "user_data_base64": null,
            "volume_tags": {
              "Name": "demo-webserver-storage-prod"
            },
            "vpc_security_group_ids": [
              "sg-025a50fc805068d52"
            ]
          },
          "private": "eyJlMmJmYjczMC1lY2FhLTExZTYtOGY4OC0zNDM2M2JjN2M0YzAiOnsiY3JlYXRlIjo2MDAwMDAwMDAwMDAsImRlbGV0ZSI6MTIwMDAwMDAwMDAwMCwidXBkYXRlIjo2MDAwMDAwMDAwMDB9LCJzY2hlbWFfdmVyc2lvbiI6IjEifQ==",
          "dependencies": [
            "aws_iam_instance_profile.demo-ec2-iam-instance-profile",
            "aws_security_group.demo-web-sg",
            "aws_subnet.demo-public-subnet"
          ]
        }
      ]
    },
    {
      "mode": "managed",
      "type": "aws_security_group",
      "name": "demo-web-sg",
      "provider": "provider[\"registry.terraform.io/hashicorp/aws\"]",
      "instances": [
        {
          "schema_version": 1,
          "attributes": {
            "arn": "arn:aws:ec2:ap-south-1:507075099130:security-group/sg-025a50fc805068d52",
            "description": "Allow HTTP/HTTPS/SSH/PING",
            "egress": [
              {
                "cidr_blocks": [
                  "0.0.0.0/0"
                ],
                "description": "",
                "from_port": 0,
                "ipv6_cidr_blocks": [],
                "prefix_list_ids": [],
                "protocol": "-1",
                "security_groups": [],
                "self": false,
                "to_port": 0
              }
            ],
            "id": "sg-025a50fc805068d52",
            "ingress": [
              {
                "cidr_blocks": [
                  "0.0.0.0/0"
                ],
                "description": "",
                "from_port": -1,
                "ipv6_cidr_blocks": [],
                "prefix_list_ids": [],
                "protocol": "icmp",
                "security_groups": [],
                "self": false,
                "to_port": -1
              },
              {
                "cidr_blocks": [
                  "0.0.0.0/0"
                ],
                "description": "",
                "from_port": 22,
                "ipv6_cidr_blocks": [],
                "prefix_list_ids": [],
                "protocol": "tcp",
                "security_groups": [],
                "self": false,
                "to_port": 22
              },
              {
                "cidr_blocks": [
                  "0.0.0.0/0"
                ],
                "description": "",
                "from_port": 80,
                "ipv6_cidr_blocks": [],
                "prefix_list_ids": [],
                "protocol": "tcp",
                "security_groups": [],
                "self": false,
                "to_port": 80
              },
              {
                "cidr_blocks": [
                  "0.0.0.0/0"
                ],
                "description": "HTTPS",
                "from_port": 443,
                "ipv6_cidr_blocks": [],
                "prefix_list_ids": [],
                "protocol": "tcp",
                "security_groups": [],
                "self": false,
                "to_port": 443
              }
            ],
            "name": "demo-web-sg-prod",
            "name_prefix": null,
            "owner_id": "507075099130",
            "revoke_rules_on_delete": false,
            "tags": {
              "Name": "demo-web-sg-prod"
            },
            "timeouts": null,
            "vpc_id": "vpc-066e1c33b9619998e"
          },
          "private": "eyJlMmJmYjczMC1lY2FhLTExZTYtOGY4OC0zNDM2M2JjN2M0YzAiOnsiY3JlYXRlIjo2MDAwMDAwMDAwMDAsImRlbGV0ZSI6NjAwMDAwMDAwMDAwfSwic2NoZW1hX3ZlcnNpb24iOiIxIn0=",
          "dependencies": [
            "aws_vpc.demo-vpc"
          ]
        }
      ]
    },
    {
      "mode": "managed",
      "type": "aws_subnet",
      "name": "demo-public-subnet",
      "provider": "provider[\"registry.terraform.io/hashicorp/aws\"]",
      "instances": [
        {
          "schema_version": 1,
          "attributes": {
            "arn": "arn:aws:ec2:ap-south-1:507075099130:subnet/subnet-06b5d76200f1c2dba",
            "assign_ipv6_address_on_creation": false,
            "availability_zone": "ap-south-1a",
            "availability_zone_id": "aps1-az1",
            "cidr_block": "10.0.1.0/24",
            "id": "subnet-06b5d76200f1c2dba",
            "ipv6_cidr_block": "",
            "ipv6_cidr_block_association_id": "",
            "map_public_ip_on_launch": true,
            "outpost_arn": "",
            "owner_id": "507075099130",
            "tags": {
              "Name": "demo-public-subnet-prod"
            },
            "timeouts": null,
            "vpc_id": "vpc-066e1c33b9619998e"
          },
          "private": "eyJlMmJmYjczMC1lY2FhLTExZTYtOGY4OC0zNDM2M2JjN2M0YzAiOnsiY3JlYXRlIjo2MDAwMDAwMDAwMDAsImRlbGV0ZSI6MTIwMDAwMDAwMDAwMH0sInNjaGVtYV92ZXJzaW9uIjoiMSJ9",
          "dependencies": [
            "aws_vpc.demo-vpc"
          ]
        }
      ]
    },
    {
      "mode": "managed",
      "type": "aws_volume_attachment",
      "name": "ebs-volume-1-attachment",
      "provider": "provider[\"registry.terraform.io/hashicorp/aws\"]",
      "instances": [
        {
          "schema_version": 0,
          "attributes": {
            "device_name": "/dev/sdh",
            "force_detach": null,
            "id": "vai-2365812947",
            "instance_id": "i-060834e72232a020b",
            "skip_destroy": null,
            "volume_id": "vol-05a31d6f2fbb6ea08"
          }
        }
      ]
    },
    {
      "mode": "managed",
      "type": "aws_vpc",
      "name": "demo-vpc",
      "provider": "provider[\"registry.terraform.io/hashicorp/aws\"]",
      "instances": [
        {
          "schema_version": 1,
          "attributes": {
            "arn": "arn:aws:ec2:ap-south-1:507075099130:vpc/vpc-066e1c33b9619998e",
            "assign_generated_ipv6_cidr_block": false,
            "cidr_block": "10.0.0.0/16",
            "default_network_acl_id": "acl-0f9e7dc0113a35894",
            "default_route_table_id": "rtb-063f2eea8df5a0e2a",
            "default_security_group_id": "sg-0ae809d6a9e95a8e5",
            "dhcp_options_id": "dopt-26a29d4e",
            "enable_classiclink": null,
            "enable_classiclink_dns_support": null,
            "enable_dns_hostnames": true,
            "enable_dns_support": true,
            "id": "vpc-066e1c33b9619998e",
            "instance_tenancy": "default",
            "ipv6_association_id": "",
            "ipv6_cidr_block": "",
            "main_route_table_id": "rtb-063f2eea8df5a0e2a",
            "owner_id": "507075099130",
            "tags": {
              "Name": "demo-vpc-prod"
            }
          },
          "private": "eyJzY2hlbWFfdmVyc2lvbiI6IjEifQ=="
        }
      ]
    }
  ]
}
